// !$*UTF8*$!
{
	archiveVersion = 1;
	classes = {
	};
	objectVersion = 46;
	objects = {

/* Begin PBXBuildFile section */
		BAA226201CC2E3E100117F3F /* AppDelegate.swift in Sources */ = {isa = PBXBuildFile; fileRef = BAA2261F1CC2E3E100117F3F /* AppDelegate.swift */; };
		BAA226221CC2E3E100117F3F /* ViewController.swift in Sources */ = {isa = PBXBuildFile; fileRef = BAA226211CC2E3E100117F3F /* ViewController.swift */; };
		BAA226241CC2E3E100117F3F /* Document.swift in Sources */ = {isa = PBXBuildFile; fileRef = BAA226231CC2E3E100117F3F /* Document.swift */; };
		BAA226261CC2E3E100117F3F /* Assets.xcassets in Resources */ = {isa = PBXBuildFile; fileRef = BAA226251CC2E3E100117F3F /* Assets.xcassets */; };
		BAA226291CC2E3E100117F3F /* Main.storyboard in Resources */ = {isa = PBXBuildFile; fileRef = BAA226271CC2E3E100117F3F /* Main.storyboard */; };
		BAA226341CC3137C00117F3F /* VidQuiz.swift in Sources */ = {isa = PBXBuildFile; fileRef = BAA226331CC3137C00117F3F /* VidQuiz.swift */; };
		BAA226361CC314D600117F3F /* AVFoundation.framework in Frameworks */ = {isa = PBXBuildFile; fileRef = BAA226351CC314D600117F3F /* AVFoundation.framework */; };
		BAA2263A1CC324D800117F3F /* DropView.swift in Sources */ = {isa = PBXBuildFile; fileRef = BAA226391CC324D800117F3F /* DropView.swift */; };
		BAA2263C1CC352B700117F3F /* ControlView.swift in Sources */ = {isa = PBXBuildFile; fileRef = BAA2263B1CC352B700117F3F /* ControlView.swift */; };
		BAA226401CC38C4300117F3F /* AddImageView.swift in Sources */ = {isa = PBXBuildFile; fileRef = BAA2263F1CC38C4300117F3F /* AddImageView.swift */; };
		BAA226491CC3E93D00117F3F /* SSZipArchive in Resources */ = {isa = PBXBuildFile; fileRef = BAA226481CC3E93D00117F3F /* SSZipArchive */; };
		BAA2264C1CC3FD5600117F3F /* libz.tbd in Frameworks */ = {isa = PBXBuildFile; fileRef = BAA2264B1CC3FD5600117F3F /* libz.tbd */; };
		E7D955CD1304F62756E81CC4 /* Pods_Vid_Quiz_Creator.framework in Frameworks */ = {isa = PBXBuildFile; fileRef = F8127552E03A85617DBEE8DC /* Pods_Vid_Quiz_Creator.framework */; };
/* End PBXBuildFile section */

/* Begin PBXFileReference section */
		5D0A97C75D21CCD17F0BD42B /* Pods-Vid Quiz Creator.debug.xcconfig */ = {isa = PBXFileReference; includeInIndex = 1; lastKnownFileType = text.xcconfig; name = "Pods-Vid Quiz Creator.debug.xcconfig"; path = "Pods/Target Support Files/Pods-Vid Quiz Creator/Pods-Vid Quiz Creator.debug.xcconfig"; sourceTree = "<group>"; };
		A6541733E7118AEE7FD31711 /* Pods-Vid Quiz Creator.release.xcconfig */ = {isa = PBXFileReference; includeInIndex = 1; lastKnownFileType = text.xcconfig; name = "Pods-Vid Quiz Creator.release.xcconfig"; path = "Pods/Target Support Files/Pods-Vid Quiz Creator/Pods-Vid Quiz Creator.release.xcconfig"; sourceTree = "<group>"; };
		BAA2261C1CC2E3E100117F3F /* Vid Quiz Creator.app */ = {isa = PBXFileReference; explicitFileType = wrapper.application; includeInIndex = 0; path = "Vid Quiz Creator.app"; sourceTree = BUILT_PRODUCTS_DIR; };
		BAA2261F1CC2E3E100117F3F /* AppDelegate.swift */ = {isa = PBXFileReference; lastKnownFileType = sourcecode.swift; path = AppDelegate.swift; sourceTree = "<group>"; };
		BAA226211CC2E3E100117F3F /* ViewController.swift */ = {isa = PBXFileReference; lastKnownFileType = sourcecode.swift; path = ViewController.swift; sourceTree = "<group>"; };
		BAA226231CC2E3E100117F3F /* Document.swift */ = {isa = PBXFileReference; lastKnownFileType = sourcecode.swift; path = Document.swift; sourceTree = "<group>"; };
		BAA226251CC2E3E100117F3F /* Assets.xcassets */ = {isa = PBXFileReference; lastKnownFileType = folder.assetcatalog; path = Assets.xcassets; sourceTree = "<group>"; };
		BAA226281CC2E3E100117F3F /* Base */ = {isa = PBXFileReference; lastKnownFileType = file.storyboard; name = Base; path = Base.lproj/Main.storyboard; sourceTree = "<group>"; };
		BAA2262A1CC2E3E100117F3F /* Info.plist */ = {isa = PBXFileReference; lastKnownFileType = text.plist.xml; path = Info.plist; sourceTree = "<group>"; };
		BAA226331CC3137C00117F3F /* VidQuiz.swift */ = {isa = PBXFileReference; fileEncoding = 4; lastKnownFileType = sourcecode.swift; path = VidQuiz.swift; sourceTree = "<group>"; };
		BAA226351CC314D600117F3F /* AVFoundation.framework */ = {isa = PBXFileReference; lastKnownFileType = wrapper.framework; name = AVFoundation.framework; path = System/Library/Frameworks/AVFoundation.framework; sourceTree = SDKROOT; };
		BAA226391CC324D800117F3F /* DropView.swift */ = {isa = PBXFileReference; fileEncoding = 4; lastKnownFileType = sourcecode.swift; path = DropView.swift; sourceTree = "<group>"; };
		BAA2263B1CC352B700117F3F /* ControlView.swift */ = {isa = PBXFileReference; fileEncoding = 4; lastKnownFileType = sourcecode.swift; path = ControlView.swift; sourceTree = "<group>"; };
		BAA2263F1CC38C4300117F3F /* AddImageView.swift */ = {isa = PBXFileReference; fileEncoding = 4; lastKnownFileType = sourcecode.swift; path = AddImageView.swift; sourceTree = "<group>"; };
		BAA226441CC3E6BE00117F3F /* Vid Quiz Creator-Bridging-Header.h */ = {isa = PBXFileReference; lastKnownFileType = sourcecode.c.h; path = "Vid Quiz Creator-Bridging-Header.h"; sourceTree = "<group>"; };
		BAA226481CC3E93D00117F3F /* SSZipArchive */ = {isa = PBXFileReference; lastKnownFileType = folder; name = SSZipArchive; path = "/Users/Sahil/Desktop/UC Rev/Vid Quiz Creator/Vid Quiz Creator/SSZipArchive"; sourceTree = "<absolute>"; };
		BAA2264B1CC3FD5600117F3F /* libz.tbd */ = {isa = PBXFileReference; lastKnownFileType = "sourcecode.text-based-dylib-definition"; name = libz.tbd; path = usr/lib/libz.tbd; sourceTree = SDKROOT; };
		F8127552E03A85617DBEE8DC /* Pods_Vid_Quiz_Creator.framework */ = {isa = PBXFileReference; explicitFileType = wrapper.framework; includeInIndex = 0; path = Pods_Vid_Quiz_Creator.framework; sourceTree = BUILT_PRODUCTS_DIR; };
/* End PBXFileReference section */

/* Begin PBXFrameworksBuildPhase section */
		BAA226191CC2E3E100117F3F /* Frameworks */ = {
			isa = PBXFrameworksBuildPhase;
			buildActionMask = 2147483647;
			files = (
				BAA2264C1CC3FD5600117F3F /* libz.tbd in Frameworks */,
				BAA226361CC314D600117F3F /* AVFoundation.framework in Frameworks */,
				E7D955CD1304F62756E81CC4 /* Pods_Vid_Quiz_Creator.framework in Frameworks */,
			);
			runOnlyForDeploymentPostprocessing = 0;
		};
/* End PBXFrameworksBuildPhase section */

/* Begin PBXGroup section */
		290513AAE6601C0771427A9C /* Pods */ = {
			isa = PBXGroup;
			children = (
				5D0A97C75D21CCD17F0BD42B /* Pods-Vid Quiz Creator.debug.xcconfig */,
				A6541733E7118AEE7FD31711 /* Pods-Vid Quiz Creator.release.xcconfig */,
			);
			name = Pods;
			sourceTree = "<group>";
		};
		56792C83FA0C39057AD553EB /* Frameworks */ = {
			isa = PBXGroup;
			children = (
				BAA2264B1CC3FD5600117F3F /* libz.tbd */,
				F8127552E03A85617DBEE8DC /* Pods_Vid_Quiz_Creator.framework */,
			);
			name = Frameworks;
			sourceTree = "<group>";
		};
		BAA226131CC2E3E100117F3F = {
			isa = PBXGroup;
			children = (
				BAA226351CC314D600117F3F /* AVFoundation.framework */,
				BAA2261E1CC2E3E100117F3F /* Vid Quiz Creator */,
				BAA2261D1CC2E3E100117F3F /* Products */,
				290513AAE6601C0771427A9C /* Pods */,
				56792C83FA0C39057AD553EB /* Frameworks */,
				BAA226441CC3E6BE00117F3F /* Vid Quiz Creator-Bridging-Header.h */,
			);
			sourceTree = "<group>";
		};
		BAA2261D1CC2E3E100117F3F /* Products */ = {
			isa = PBXGroup;
			children = (
				BAA2261C1CC2E3E100117F3F /* Vid Quiz Creator.app */,
			);
			name = Products;
			sourceTree = "<group>";
		};
		BAA2261E1CC2E3E100117F3F /* Vid Quiz Creator */ = {
			isa = PBXGroup;
			children = (
				BAA226311CC3132500117F3F /* Model */,
				BAA226301CC3131F00117F3F /* View */,
				BAA226321CC3132A00117F3F /* Controller */,
				BAA2262A1CC2E3E100117F3F /* Info.plist */,
			);
			path = "Vid Quiz Creator";
			sourceTree = "<group>";
		};
		BAA226301CC3131F00117F3F /* View */ = {
			isa = PBXGroup;
			children = (
				BAA2263F1CC38C4300117F3F /* AddImageView.swift */,
				BAA226391CC324D800117F3F /* DropView.swift */,
				BAA226251CC2E3E100117F3F /* Assets.xcassets */,
				BAA226271CC2E3E100117F3F /* Main.storyboard */,
				BAA2263B1CC352B700117F3F /* ControlView.swift */,
			);
			name = View;
			sourceTree = "<group>";
		};
		BAA226311CC3132500117F3F /* Model */ = {
			isa = PBXGroup;
			children = (
				BAA2261F1CC2E3E100117F3F /* AppDelegate.swift */,
				BAA226231CC2E3E100117F3F /* Document.swift */,
				BAA226331CC3137C00117F3F /* VidQuiz.swift */,
			);
			name = Model;
			sourceTree = "<group>";
		};
		BAA226321CC3132A00117F3F /* Controller */ = {
			isa = PBXGroup;
			children = (
				BAA226211CC2E3E100117F3F /* ViewController.swift */,
			);
			name = Controller;
			sourceTree = "<group>";
		};
/* End PBXGroup section */

/* Begin PBXNativeTarget section */
		BAA2261B1CC2E3E100117F3F /* Vid Quiz Creator */ = {
			isa = PBXNativeTarget;
			buildConfigurationList = BAA2262D1CC2E3E100117F3F /* Build configuration list for PBXNativeTarget "Vid Quiz Creator" */;
			buildPhases = (
				FAD339499BD455BEA8214157 /* 📦 Check Pods Manifest.lock */,
				BAA226181CC2E3E100117F3F /* Sources */,
				BAA226191CC2E3E100117F3F /* Frameworks */,
				BAA2261A1CC2E3E100117F3F /* Resources */,
				8187732F2C90BBED4A624480 /* 📦 Embed Pods Frameworks */,
				5E070B2DF2CDC974817FBF85 /* 📦 Copy Pods Resources */,
			);
			buildRules = (
			);
			dependencies = (
			);
			name = "Vid Quiz Creator";
			productName = "Vid Quiz Creator";
			productReference = BAA2261C1CC2E3E100117F3F /* Vid Quiz Creator.app */;
			productType = "com.apple.product-type.application";
		};
/* End PBXNativeTarget section */

/* Begin PBXProject section */
		BAA226141CC2E3E100117F3F /* Project object */ = {
			isa = PBXProject;
			attributes = {
				LastSwiftUpdateCheck = 0730;
				LastUpgradeCheck = 0730;
				ORGANIZATIONNAME = "Sahil Ambardekar";
				TargetAttributes = {
					BAA2261B1CC2E3E100117F3F = {
						CreatedOnToolsVersion = 7.3;
					};
				};
			};
			buildConfigurationList = BAA226171CC2E3E100117F3F /* Build configuration list for PBXProject "Vid Quiz Creator" */;
			compatibilityVersion = "Xcode 3.2";
			developmentRegion = English;
			hasScannedForEncodings = 0;
			knownRegions = (
				en,
				Base,
			);
			mainGroup = BAA226131CC2E3E100117F3F;
			productRefGroup = BAA2261D1CC2E3E100117F3F /* Products */;
			projectDirPath = "";
			projectRoot = "";
			targets = (
				BAA2261B1CC2E3E100117F3F /* Vid Quiz Creator */,
			);
		};
/* End PBXProject section */

/* Begin PBXResourcesBuildPhase section */
		BAA2261A1CC2E3E100117F3F /* Resources */ = {
			isa = PBXResourcesBuildPhase;
			buildActionMask = 2147483647;
			files = (
				BAA226261CC2E3E100117F3F /* Assets.xcassets in Resources */,
				BAA226291CC2E3E100117F3F /* Main.storyboard in Resources */,
				BAA226491CC3E93D00117F3F /* SSZipArchive in Resources */,
			);
			runOnlyForDeploymentPostprocessing = 0;
		};
/* End PBXResourcesBuildPhase section */

/* Begin PBXShellScriptBuildPhase section */
		5E070B2DF2CDC974817FBF85 /* 📦 Copy Pods Resources */ = {
			isa = PBXShellScriptBuildPhase;
			buildActionMask = 2147483647;
			files = (
			);
			inputPaths = (
			);
			name = "📦 Copy Pods Resources";
			outputPaths = (
			);
			runOnlyForDeploymentPostprocessing = 0;
			shellPath = /bin/sh;
			shellScript = "\"${SRCROOT}/Pods/Target Support Files/Pods-Vid Quiz Creator/Pods-Vid Quiz Creator-resources.sh\"\n";
			showEnvVarsInLog = 0;
		};
		8187732F2C90BBED4A624480 /* 📦 Embed Pods Frameworks */ = {
			isa = PBXShellScriptBuildPhase;
			buildActionMask = 2147483647;
			files = (
			);
			inputPaths = (
			);
			name = "📦 Embed Pods Frameworks";
			outputPaths = (
			);
			runOnlyForDeploymentPostprocessing = 0;
			shellPath = /bin/sh;
			shellScript = "\"${SRCROOT}/Pods/Target Support Files/Pods-Vid Quiz Creator/Pods-Vid Quiz Creator-frameworks.sh\"\n";
			showEnvVarsInLog = 0;
		};
		FAD339499BD455BEA8214157 /* 📦 Check Pods Manifest.lock */ = {
			isa = PBXShellScriptBuildPhase;
			buildActionMask = 2147483647;
			files = (
			);
			inputPaths = (
			);
			name = "📦 Check Pods Manifest.lock";
			outputPaths = (
			);
			runOnlyForDeploymentPostprocessing = 0;
			shellPath = /bin/sh;
			shellScript = "diff \"${PODS_ROOT}/../Podfile.lock\" \"${PODS_ROOT}/Manifest.lock\" > /dev/null\nif [[ $? != 0 ]] ; then\n    cat << EOM\nerror: The sandbox is not in sync with the Podfile.lock. Run 'pod install' or update your CocoaPods installation.\nEOM\n    exit 1\nfi\n";
			showEnvVarsInLog = 0;
		};
/* End PBXShellScriptBuildPhase section */

/* Begin PBXSourcesBuildPhase section */
		BAA226181CC2E3E100117F3F /* Sources */ = {
			isa = PBXSourcesBuildPhase;
			buildActionMask = 2147483647;
			files = (
				BAA226341CC3137C00117F3F /* VidQuiz.swift in Sources */,
				BAA226221CC2E3E100117F3F /* ViewController.swift in Sources */,
				BAA226201CC2E3E100117F3F /* AppDelegate.swift in Sources */,
				BAA226241CC2E3E100117F3F /* Document.swift in Sources */,
				BAA2263C1CC352B700117F3F /* ControlView.swift in Sources */,
				BAA2263A1CC324D800117F3F /* DropView.swift in Sources */,
				BAA226401CC38C4300117F3F /* AddImageView.swift in Sources */,
			);
			runOnlyForDeploymentPostprocessing = 0;
		};
/* End PBXSourcesBuildPhase section */

/* Begin PBXVariantGroup section */
		BAA226271CC2E3E100117F3F /* Main.storyboard */ = {
			isa = PBXVariantGroup;
			children = (
				BAA226281CC2E3E100117F3F /* Base */,
			);
			name = Main.storyboard;
			sourceTree = "<group>";
		};
/* End PBXVariantGroup section */

/* Begin XCBuildConfiguration section */
		BAA2262B1CC2E3E100117F3F /* Debug */ = {
			isa = XCBuildConfiguration;
			buildSettings = {
				ALWAYS_SEARCH_USER_PATHS = NO;
				CLANG_ANALYZER_NONNULL = YES;
				CLANG_CXX_LANGUAGE_STANDARD = "gnu++0x";
				CLANG_CXX_LIBRARY = "libc++";
				CLANG_ENABLE_MODULES = YES;
				CLANG_ENABLE_OBJC_ARC = YES;
				CLANG_WARN_BOOL_CONVERSION = YES;
				CLANG_WARN_CONSTANT_CONVERSION = YES;
				CLANG_WARN_DIRECT_OBJC_ISA_USAGE = YES_ERROR;
				CLANG_WARN_EMPTY_BODY = YES;
				CLANG_WARN_ENUM_CONVERSION = YES;
				CLANG_WARN_INT_CONVERSION = YES;
				CLANG_WARN_OBJC_ROOT_CLASS = YES_ERROR;
				CLANG_WARN_UNREACHABLE_CODE = YES;
				CLANG_WARN__DUPLICATE_METHOD_MATCH = YES;
				CODE_SIGN_IDENTITY = "-";
				COPY_PHASE_STRIP = NO;
				DEBUG_INFORMATION_FORMAT = dwarf;
				ENABLE_STRICT_OBJC_MSGSEND = YES;
				ENABLE_TESTABILITY = YES;
				GCC_C_LANGUAGE_STANDARD = gnu99;
				GCC_DYNAMIC_NO_PIC = NO;
				GCC_NO_COMMON_BLOCKS = YES;
				GCC_OPTIMIZATION_LEVEL = 0;
				GCC_PREPROCESSOR_DEFINITIONS = (
					"DEBUG=1",
					"$(inherited)",
				);
				GCC_WARN_64_TO_32_BIT_CONVERSION = YES;
				GCC_WARN_ABOUT_RETURN_TYPE = YES_ERROR;
				GCC_WARN_UNDECLARED_SELECTOR = YES;
				GCC_WARN_UNINITIALIZED_AUTOS = YES_AGGRESSIVE;
				GCC_WARN_UNUSED_FUNCTION = YES;
				GCC_WARN_UNUSED_VARIABLE = YES;
				MACOSX_DEPLOYMENT_TARGET = 10.11;
				MTL_ENABLE_DEBUG_INFO = YES;
				ONLY_ACTIVE_ARCH = YES;
				SDKROOT = macosx;
				SWIFT_OPTIMIZATION_LEVEL = "-Onone";
			};
			name = Debug;
		};
		BAA2262C1CC2E3E100117F3F /* Release */ = {
			isa = XCBuildConfiguration;
			buildSettings = {
				ALWAYS_SEARCH_USER_PATHS = NO;
				CLANG_ANALYZER_NONNULL = YES;
				CLANG_CXX_LANGUAGE_STANDARD = "gnu++0x";
				CLANG_CXX_LIBRARY = "libc++";
				CLANG_ENABLE_MODULES = YES;
				CLANG_ENABLE_OBJC_ARC = YES;
				CLANG_WARN_BOOL_CONVERSION = YES;
				CLANG_WARN_CONSTANT_CONVERSION = YES;
				CLANG_WARN_DIRECT_OBJC_ISA_USAGE = YES_ERROR;
				CLANG_WARN_EMPTY_BODY = YES;
				CLANG_WARN_ENUM_CONVERSION = YES;
				CLANG_WARN_INT_CONVERSION = YES;
				CLANG_WARN_OBJC_ROOT_CLASS = YES_ERROR;
				CLANG_WARN_UNREACHABLE_CODE = YES;
				CLANG_WARN__DUPLICATE_METHOD_MATCH = YES;
				CODE_SIGN_IDENTITY = "-";
				COPY_PHASE_STRIP = NO;
				DEBUG_INFORMATION_FORMAT = "dwarf-with-dsym";
				ENABLE_NS_ASSERTIONS = NO;
				ENABLE_STRICT_OBJC_MSGSEND = YES;
				GCC_C_LANGUAGE_STANDARD = gnu99;
				GCC_NO_COMMON_BLOCKS = YES;
				GCC_WARN_64_TO_32_BIT_CONVERSION = YES;
				GCC_WARN_ABOUT_RETURN_TYPE = YES_ERROR;
				GCC_WARN_UNDECLARED_SELECTOR = YES;
				GCC_WARN_UNINITIALIZED_AUTOS = YES_AGGRESSIVE;
				GCC_WARN_UNUSED_FUNCTION = YES;
				GCC_WARN_UNUSED_VARIABLE = YES;
				MACOSX_DEPLOYMENT_TARGET = 10.11;
				MTL_ENABLE_DEBUG_INFO = NO;
				SDKROOT = macosx;
			};
			name = Release;
		};
		BAA2262E1CC2E3E100117F3F /* Debug */ = {
			isa = XCBuildConfiguration;
			baseConfigurationReference = 5D0A97C75D21CCD17F0BD42B /* Pods-Vid Quiz Creator.debug.xcconfig */;
			buildSettings = {
				ASSETCATALOG_COMPILER_APPICON_NAME = AppIcon;
				CLANG_ENABLE_MODULES = YES;
				COMBINE_HIDPI_IMAGES = YES;
				INFOPLIST_FILE = "Vid Quiz Creator/Info.plist";
				LD_RUNPATH_SEARCH_PATHS = "$(inherited) @executable_path/../Frameworks";
				PRODUCT_BUNDLE_IDENTIFIER = "com.sahilambardekar.Vid-Quiz-Creator";
				PRODUCT_NAME = "$(TARGET_NAME)";
				SWIFT_OBJC_BRIDGING_HEADER = "Vid Quiz Creator-Bridging-Header.h";
				SWIFT_OPTIMIZATION_LEVEL = "-Onone";
			};
			name = Debug;
		};
		BAA2262F1CC2E3E100117F3F /* Release */ = {
			isa = XCBuildConfiguration;
			baseConfigurationReference = A6541733E7118AEE7FD31711 /* Pods-Vid Quiz Creator.release.xcconfig */;
			buildSettings = {
				ASSETCATALOG_COMPILER_APPICON_NAME = AppIcon;
				CLANG_ENABLE_MODULES = YES;
				COMBINE_HIDPI_IMAGES = YES;
				INFOPLIST_FILE = "Vid Quiz Creator/Info.plist";
				LD_RUNPATH_SEARCH_PATHS = "$(inherited) @executable_path/../Frameworks";
				PRODUCT_BUNDLE_IDENTIFIER = "com.sahilambardekar.Vid-Quiz-Creator";
				PRODUCT_NAME = "$(TARGET_NAME)";
				SWIFT_OBJC_BRIDGING_HEADER = "Vid Quiz Creator-Bridging-Header.h";
			};
			name = Release;
		};
/* End XCBuildConfiguration section */

/* Begin XCConfigurationList section */
		BAA226171CC2E3E100117F3F /* Build configuration list for PBXProject "Vid Quiz Creator" */ = {
			isa = XCConfigurationList;
			buildConfigurations = (
				BAA2262B1CC2E3E100117F3F /* Debug */,
				BAA2262C1CC2E3E100117F3F /* Release */,
			);
			defaultConfigurationIsVisible = 0;
			defaultConfigurationName = Release;
		};
		BAA2262D1CC2E3E100117F3F /* Build configuration list for PBXNativeTarget "Vid Quiz Creator" */ = {
			isa = XCConfigurationList;
			buildConfigurations = (
				BAA2262E1CC2E3E100117F3F /* Debug */,
				BAA2262F1CC2E3E100117F3F /* Release */,
			);
			defaultConfigurationIsVisible = 0;
			defaultConfigurationName = Release;
		};
/* End XCConfigurationList section */
	};
	rootObject = BAA226141CC2E3E100117F3F /* Project object */;
}
